
Microsoft Visual Studio Solution File, Format Version 12.00
# Visual Studio 2012
Project("{FAE04EC0-301F-11D3-BF4B-00C04F79EFBC}") = "DupFiles", "DupFiles\DupFiles.csproj", "{8CEBE9D6-CB73-4054-AD80-B33BF5941871}"
EndProject
Global
	GlobalSection(SolutionConfigurationPlatforms) = preSolution
		Debug|Any CPU = Debug|Any CPU
		Release|Any CPU = Release|Any CPU
	EndGlobalSection
	GlobalSection(ProjectConfigurationPlatforms) = postSolution
		{8CEBE9D6-CB73-4054-AD80-B33BF5941871}.Debug|Any CPU.ActiveCfg = Debug|Any CPU
		{8CEBE9D6-CB73-4054-AD80-B33BF5941871}.Debug|Any CPU.Build.0 = Debug|Any CPU
		{8CEBE9D6-CB73-4054-AD80-B33BF5941871}.Release|Any CPU.ActiveCfg = Release|Any CPU
		{8CEBE9D6-CB73-4054-AD80-B33BF5941871}.Release|Any CPU.Build.0 = Release|Any CPU
	EndGlobalSection
	GlobalSection(SolutionProperties) = preSolution
		HideSolutionNode = FALSE
	EndGlobalSection
EndGlobal
